
Microsoft Visual Studio Solution File, Format Version 12.00
# Visual Studio Version 17
VisualStudioVersion = 17.11.35312.102
MinimumVisualStudioVersion = 10.0.40219.1
Project("{FAE04EC0-301F-11D3-BF4B-00C04F79EFBC}") = "array task", "array task.csproj", "{19766378-8EF5-4B0E-9246-E32780867199}"
EndProject
Global
	GlobalSection(SolutionConfigurationPlatforms) = preSolution
		Debug|Any CPU = Debug|Any CPU
		Release|Any CPU = Release|Any CPU
	EndGlobalSection
	GlobalSection(ProjectConfigurationPlatforms) = postSolution
		{19766378-8EF5-4B0E-9246-E32780867199}.Debug|Any CPU.ActiveCfg = Debug|Any CPU
		{19766378-8EF5-4B0E-9246-E32780867199}.Debug|Any CPU.Build.0 = Debug|Any CPU
		{19766378-8EF5-4B0E-9246-E32780867199}.Release|Any CPU.ActiveCfg = Release|Any CPU
		{19766378-8EF5-4B0E-9246-E32780867199}.Release|Any CPU.Build.0 = Release|Any CPU
	EndGlobalSection
	GlobalSection(SolutionProperties) = preSolution
		HideSolutionNode = FALSE
	EndGlobalSection
	GlobalSection(ExtensibilityGlobals) = postSolution
		SolutionGuid = {2B20C779-EB45-4B3D-92F9-58ADA7AC9702}
	EndGlobalSection
EndGlobal
